<?xml version="1.0" encoding="utf-8"?>
<Project ToolsVersion="4.0" xmlns="http://schemas.microsoft.com/developer/msbuild/2003">
  <ItemGroup>
    <Filter Include="Pliki źródłowe">
      <UniqueIdentifier>{4FC737F1-C7A5-4376-A066-2A32D752A2FF}</UniqueIdentifier>
      <Extensions>cpp;c;cc;cxx;def;odl;idl;hpj;bat;asm;asmx</Extensions>
    </Filter>
    <Filter Include="Pliki nagłówkowe">
      <UniqueIdentifier>{93995380-89BD-4b04-88EB-625FBE52EBFB}</UniqueIdentifier>
      <Extensions>h;hh;hpp;hxx;hm;inl;inc;ipp;xsd</Extensions>
    </Filter>
    <Filter Include="Pliki zasobów">
      <UniqueIdentifier>{67DA6AB6-F800-4c08-8B7A-83BB121AAD01}</UniqueIdentifier>
      <Extensions>rc;ico;cur;bmp;dlg;rc2;rct;bin;rgs;gif;jpg;jpeg;jpe;resx;tiff;tif;png;wav;mfcribbon-ms</Extensions>
    </Filter>
    <Filter Include="Pliki nagłówkowe\Skills">
      <UniqueIdentifier>{1f41f6a7-b936-4fba-8f0c-b016b4ec3ecb}</UniqueIdentifier>
    </Filter>
    <Filter Include="Pliki źródłowe\Skill">
      <UniqueIdentifier>{89d1c5cc-73dc-47a9-8ea0-679e515c4e6c}</UniqueIdentifier>
    </Filter>
    <Filter Include="Pliki nagłówkowe\Clickables">
      <UniqueIdentifier>{ca6c2583-0302-4484-9be0-c2ccb2dea397}</UniqueIdentifier>
    </Filter>
    <Filter Include="Pliki źródłowe\Clickables">
      <UniqueIdentifier>{0121e889-3195-40ad-83e5-d3834dbf30e2}</UniqueIdentifier>
    </Filter>
    <Filter Include="Pliki nagłówkowe\Entities">
      <UniqueIdentifier>{3d39a3b6-2a30-4255-ae95-90cffff9d9c0}</UniqueIdentifier>
    </Filter>
    <Filter Include="Pliki źródłowe\Entities">
      <UniqueIdentifier>{7badb5bc-c08b-4798-b6d2-0b3424f5c7fb}</UniqueIdentifier>
    </Filter>
    <Filter Include="Pliki nagłówkowe\Events">
      <UniqueIdentifier>{ac0f866a-e8a5-4641-9e09-1da04d35db6c}</UniqueIdentifier>
    </Filter>
    <Filter Include="Pliki źródłowe\Events">
      <UniqueIdentifier>{ad6dde94-51da-44e7-94c9-dc8baa2a782d}</UniqueIdentifier>
    </Filter>
    <Filter Include="Pliki źródłowe\Instances">
      <UniqueIdentifier>{cb7b4d8a-8bbc-4e7d-9f59-14de30fabcfd}</UniqueIdentifier>
    </Filter>
    <Filter Include="Pliki nagłówkowe\Instances">
      <UniqueIdentifier>{9b662c2c-6f59-4bc6-a960-64d6c4d0790e}</UniqueIdentifier>
    </Filter>
  </ItemGroup>
  <ItemGroup>
    <ClCompile Include="main.cpp">
      <Filter>Pliki źródłowe</Filter>
    </ClCompile>
    <ClCompile Include="HealthBar.cpp">
      <Filter>Pliki źródłowe</Filter>
    </ClCompile>
    <ClCompile Include="Skill.cpp">
      <Filter>Pliki źródłowe\Skill</Filter>
    </ClCompile>
    <ClCompile Include="Clickable.cpp">
      <Filter>Pliki źródłowe\Clickables</Filter>
    </ClCompile>
    <ClCompile Include="Button.cpp">
      <Filter>Pliki źródłowe\Clickables</Filter>
    </ClCompile>
    <ClCompile Include="UnitFrame.cpp">
      <Filter>Pliki źródłowe\Clickables</Filter>
    </ClCompile>
    <ClCompile Include="MeleeAttack.cpp">
      <Filter>Pliki źródłowe\Skill</Filter>
    </ClCompile>
    <ClCompile Include="Enemy.cpp">
      <Filter>Pliki źródłowe\Entities</Filter>
    </ClCompile>
    <ClCompile Include="Entity.cpp">
      <Filter>Pliki źródłowe\Entities</Filter>
    </ClCompile>
    <ClCompile Include="Player.cpp">
      <Filter>Pliki źródłowe\Entities</Filter>
    </ClCompile>
    <ClCompile Include="Random.cpp">
      <Filter>Pliki źródłowe</Filter>
    </ClCompile>
    <ClCompile Include="VampireAttack.cpp">
      <Filter>Pliki źródłowe\Skill</Filter>
    </ClCompile>
    <ClCompile Include="BleedAttack.cpp">
      <Filter>Pliki źródłowe\Skill</Filter>
    </ClCompile>
    <ClCompile Include="Event.cpp">
      <Filter>Pliki źródłowe\Events</Filter>
    </ClCompile>
    <ClCompile Include="GenDMGUpgrade.cpp">
      <Filter>Pliki źródłowe\Events</Filter>
    </ClCompile>
    <ClCompile Include="FightInstance.cpp">
      <Filter>Pliki źródłowe\Instances</Filter>
    </ClCompile>
    <ClCompile Include="EventInstance.cpp">
      <Filter>Pliki źródłowe\Instances</Filter>
    </ClCompile>
  </ItemGroup>
  <ItemGroup>
    <ClInclude Include="enums.h">
      <Filter>Pliki nagłówkowe</Filter>
    </ClInclude>
    <ClInclude Include="HealthBar.h">
      <Filter>Pliki nagłówkowe</Filter>
    </ClInclude>
    <ClInclude Include="Skill.h">
      <Filter>Pliki nagłówkowe\Skills</Filter>
    </ClInclude>
    <ClInclude Include="Clickable.h">
      <Filter>Pliki nagłówkowe\Clickables</Filter>
    </ClInclude>
    <ClInclude Include="UnitFrame.h">
      <Filter>Pliki nagłówkowe\Clickables</Filter>
    </ClInclude>
    <ClInclude Include="Button.h">
      <Filter>Pliki nagłówkowe\Clickables</Filter>
    </ClInclude>
    <ClInclude Include="MeleeAttack.h">
      <Filter>Pliki nagłówkowe\Skills</Filter>
    </ClInclude>
    <ClInclude Include="Enemy.h">
      <Filter>Pliki nagłówkowe\Entities</Filter>
    </ClInclude>
    <ClInclude Include="Entity.h">
      <Filter>Pliki nagłówkowe\Entities</Filter>
    </ClInclude>
    <ClInclude Include="Player.h">
      <Filter>Pliki nagłówkowe\Entities</Filter>
    </ClInclude>
    <ClInclude Include="Stats.h">
      <Filter>Pliki nagłówkowe\Entities</Filter>
    </ClInclude>
    <ClInclude Include="Random.h">
      <Filter>Pliki nagłówkowe</Filter>
    </ClInclude>
    <ClInclude Include="VampireAttack.h">
      <Filter>Pliki nagłówkowe\Skills</Filter>
    </ClInclude>
    <ClInclude Include="BleedAttack.h">
      <Filter>Pliki nagłówkowe\Skills</Filter>
    </ClInclude>
    <ClInclude Include="Status.h">
      <Filter>Pliki nagłówkowe\Entities</Filter>
    </ClInclude>
    <ClInclude Include="Event.h">
      <Filter>Pliki nagłówkowe\Events</Filter>
    </ClInclude>
    <ClInclude Include="GenDMGUpgrade.h">
      <Filter>Pliki nagłówkowe\Events</Filter>
    </ClInclude>
    <ClInclude Include="FightInstance.h">
      <Filter>Pliki nagłówkowe\Instances</Filter>
    </ClInclude>
    <ClInclude Include="EventInstance.h">
      <Filter>Pliki nagłówkowe\Instances</Filter>
    </ClInclude>
    <ClInclude Include="LoadPaths.h">
      <Filter>Pliki nagłówkowe</Filter>
    </ClInclude>
  </ItemGroup>
</Project>